
Microsoft Visual Studio Solution File, Format Version 12.00
# Visual Studio Version 17
VisualStudioVersion = 17.4.33122.133
MinimumVisualStudioVersion = 10.0.40219.1
Project("{FAE04EC0-301F-11D3-BF4B-00C04F79EFBC}") = "lookingForASubwordInAWord", "lookingForASubwordInAWord\lookingForASubwordInAWord.csproj", "{8E964D0A-1672-413F-860E-B975C9F274CA}"
EndProject
Global
	GlobalSection(SolutionConfigurationPlatforms) = preSolution
		Debug|Any CPU = Debug|Any CPU
		Release|Any CPU = Release|Any CPU
	EndGlobalSection
	GlobalSection(ProjectConfigurationPlatforms) = postSolution
		{8E964D0A-1672-413F-860E-B975C9F274CA}.Debug|Any CPU.ActiveCfg = Debug|Any CPU
		{8E964D0A-1672-413F-860E-B975C9F274CA}.Debug|Any CPU.Build.0 = Debug|Any CPU
		{8E964D0A-1672-413F-860E-B975C9F274CA}.Release|Any CPU.ActiveCfg = Release|Any CPU
		{8E964D0A-1672-413F-860E-B975C9F274CA}.Release|Any CPU.Build.0 = Release|Any CPU
	EndGlobalSection
	GlobalSection(SolutionProperties) = preSolution
		HideSolutionNode = FALSE
	EndGlobalSection
	GlobalSection(ExtensibilityGlobals) = postSolution
		SolutionGuid = {60BE5509-F4A5-4082-BD6A-95C3457B1A6E}
	EndGlobalSection
EndGlobal
