
Microsoft Visual Studio Solution File, Format Version 12.00
# Visual Studio Version 17
VisualStudioVersion = 17.4.33122.133
MinimumVisualStudioVersion = 10.0.40219.1
Project("{FAE04EC0-301F-11D3-BF4B-00C04F79EFBC}") = "CheckBoxBinding", "CheckBoxBinding\CheckBoxBinding.csproj", "{195C7BFD-BEF0-476B-8A96-D708093B7AD5}"
EndProject
Global
	GlobalSection(SolutionConfigurationPlatforms) = preSolution
		Debug|Any CPU = Debug|Any CPU
		Release|Any CPU = Release|Any CPU
	EndGlobalSection
	GlobalSection(ProjectConfigurationPlatforms) = postSolution
		{195C7BFD-BEF0-476B-8A96-D708093B7AD5}.Debug|Any CPU.ActiveCfg = Debug|Any CPU
		{195C7BFD-BEF0-476B-8A96-D708093B7AD5}.Debug|Any CPU.Build.0 = Debug|Any CPU
		{195C7BFD-BEF0-476B-8A96-D708093B7AD5}.Release|Any CPU.ActiveCfg = Release|Any CPU
		{195C7BFD-BEF0-476B-8A96-D708093B7AD5}.Release|Any CPU.Build.0 = Release|Any CPU
	EndGlobalSection
	GlobalSection(SolutionProperties) = preSolution
		HideSolutionNode = FALSE
	EndGlobalSection
	GlobalSection(ExtensibilityGlobals) = postSolution
		SolutionGuid = {BBB8CBE6-0678-4BD2-83A3-D90E109016DE}
	EndGlobalSection
EndGlobal
