
Microsoft Visual Studio Solution File, Format Version 12.00
# Visual Studio Version 17
VisualStudioVersion = 17.4.33122.133
MinimumVisualStudioVersion = 10.0.40219.1
Project("{FAE04EC0-301F-11D3-BF4B-00C04F79EFBC}") = "ObjectProgrammingOsoba", "ObjectProgrammingOsoba\ObjectProgrammingOsoba.csproj", "{8F2B4354-2F43-48AA-8C85-CF456C1F3EEF}"
EndProject
Global
	GlobalSection(SolutionConfigurationPlatforms) = preSolution
		Debug|Any CPU = Debug|Any CPU
		Release|Any CPU = Release|Any CPU
	EndGlobalSection
	GlobalSection(ProjectConfigurationPlatforms) = postSolution
		{8F2B4354-2F43-48AA-8C85-CF456C1F3EEF}.Debug|Any CPU.ActiveCfg = Debug|Any CPU
		{8F2B4354-2F43-48AA-8C85-CF456C1F3EEF}.Debug|Any CPU.Build.0 = Debug|Any CPU
		{8F2B4354-2F43-48AA-8C85-CF456C1F3EEF}.Release|Any CPU.ActiveCfg = Release|Any CPU
		{8F2B4354-2F43-48AA-8C85-CF456C1F3EEF}.Release|Any CPU.Build.0 = Release|Any CPU
	EndGlobalSection
	GlobalSection(SolutionProperties) = preSolution
		HideSolutionNode = FALSE
	EndGlobalSection
	GlobalSection(ExtensibilityGlobals) = postSolution
		SolutionGuid = {66D30D72-7013-42DE-A80E-32F206B9A777}
	EndGlobalSection
EndGlobal
